{
  "requires": true,
  "lockfileVersion": 1,
  "dependencies": {
    "@fortawesome/fontawesome-common-types": {
      "version": "0.2.28",
      "resolved": "https://registry.npmjs.org/@fortawesome/fontawesome-common-types/-/fontawesome-common-types-0.2.28.tgz",
      "integrity": "sha512-gtis2/5yLdfI6n0ia0jH7NJs5i/Z/8M/ZbQL6jXQhCthEOe5Cr5NcQPhgTvFxNOtURE03/ZqUcEskdn2M+QaBg=="
    },
    "@fortawesome/fontawesome-svg-core": {
      "version": "1.2.28",
      "resolved": "https://registry.npmjs.org/@fortawesome/fontawesome-svg-core/-/fontawesome-svg-core-1.2.28.tgz",
      "integrity": "sha512-4LeaNHWvrneoU0i8b5RTOJHKx7E+y7jYejplR7uSVB34+mp3Veg7cbKk7NBCLiI4TyoWS1wh9ZdoyLJR8wSAdg==",
      "requires": {
        "@fortawesome/fontawesome-common-types": "^0.2.28"
      }
    },
    "@fortawesome/free-solid-svg-icons": {
      "version": "5.13.0",
      "resolved": "https://registry.npmjs.org/@fortawesome/free-solid-svg-icons/-/free-solid-svg-icons-5.13.0.tgz",
      "integrity": "sha512-IHUgDJdomv6YtG4p3zl1B5wWf9ffinHIvebqQOmV3U+3SLw4fC+LUCCgwfETkbTtjy5/Qws2VoVf6z/ETQpFpg==",
      "requires": {
        "@fortawesome/fontawesome-common-types": "^0.2.28"
      }
    },
    "@fortawesome/vue-fontawesome": {
      "version": "0.1.9",
      "resolved": "https://registry.npmjs.org/@fortawesome/vue-fontawesome/-/vue-fontawesome-0.1.9.tgz",
      "integrity": "sha512-h/emhmZz+DfB2zOGLWawNwXq82UYhn9waTfUjLLmeaIqtnIyNt6kYlpQT/vzJjLZRDRvY2IEJAh1di5qKpKVpA=="
    },
    "@mdi/font": {
      "version": "5.1.45",
      "resolved": "https://registry.npmjs.org/@mdi/font/-/font-5.1.45.tgz",
      "integrity": "sha512-7H1UMwUpEp8mthdPlpAi7bhEyvTbvtK1TlA89scc0cXMpQy0UFygdkaf+6fveIxpBcRNgw0gnGSEonlsfYocXg=="
    },
    "buetify": {
      "version": "0.1.2",
      "resolved": "https://registry.npmjs.org/buetify/-/buetify-0.1.2.tgz",
      "integrity": "sha512-dc2VeHLxjzQ3TXYkfqYNX7J7dT8uzRt3WWASBvFLhaYlj4TgaAcQGlt4hYXbyt43PJ2oKPJjfvy3cmjOys3P1g==",
      "requires": {
        "@fortawesome/fontawesome-svg-core": "^1.2.25",
        "@fortawesome/free-solid-svg-icons": "^5.11.2",
        "@fortawesome/vue-fontawesome": "^0.1.8",
        "bulma": "^0.8.0",
        "fp-ts": "^2.2.0",
        "fp-ts-local-storage": "^0.2.0",
        "lodash.debounce": "^4.0.8"
      }
    },
    "bulma": {
      "version": "0.8.2",
      "resolved": "https://registry.npmjs.org/bulma/-/bulma-0.8.2.tgz",
      "integrity": "sha512-vMM/ijYSxX+Sm+nD7Lmc1UgWDy2JcL2nTKqwgEqXuOMU+IGALbXd5MLt/BcjBAPLIx36TtzhzBcSnOP974gcqA=="
    },
    "fp-ts": {
      "version": "2.6.1",
      "resolved": "https://registry.npmjs.org/fp-ts/-/fp-ts-2.6.1.tgz",
      "integrity": "sha512-ZYOgqEOvUuO59rvItjf1OniEG4k/ClY3rd+AiuRYbl3skY4X/s7Oig25/wvORjycjeOjjr5OO+VcpprLQQOpIQ=="
    },
    "fp-ts-local-storage": {
      "version": "0.2.0",
      "resolved": "https://registry.npmjs.org/fp-ts-local-storage/-/fp-ts-local-storage-0.2.0.tgz",
      "integrity": "sha512-onAEKVdNY3lxyWqtKOepn69vo5w15orUw1LDQ1aFK0Xa7NII0s6A05a+qmdWjI4ddE6W7YG78J59Oq5R9XRw8A=="
    },
    "lodash.debounce": {
      "version": "4.0.8",
      "resolved": "https://registry.npmjs.org/lodash.debounce/-/lodash.debounce-4.0.8.tgz",
      "integrity": "sha1-gteb/zCmfEAF/9XiUVMArZyk168="
    }
  }
}
